
Microsoft Visual Studio Solution File, Format Version 12.00
# Visual Studio Version 17
VisualStudioVersion = 17.2.32317.152
MinimumVisualStudioVersion = 10.0.40219.1
Project("{54A90642-561A-4BB1-A94E-469ADEE60C69}") = "AngularWebApp", "AngularWebApp\AngularWebApp.esproj", "{19B1E6ED-2282-41BD-9310-6966932BAB4B}"
EndProject
Project("{FAE04EC0-301F-11D3-BF4B-00C04F79EFBC}") = "FunctionsApp", "FunctionsApp\FunctionsApp.csproj", "{796E80E6-03BE-409C-A270-0ACFA5E849EE}"
EndProject
Global
	GlobalSection(SolutionConfigurationPlatforms) = preSolution
		Debug|Any CPU = Debug|Any CPU
		Release|Any CPU = Release|Any CPU
	EndGlobalSection
	GlobalSection(ProjectConfigurationPlatforms) = postSolution
		{19B1E6ED-2282-41BD-9310-6966932BAB4B}.Debug|Any CPU.ActiveCfg = Debug|Any CPU
		{19B1E6ED-2282-41BD-9310-6966932BAB4B}.Debug|Any CPU.Build.0 = Debug|Any CPU
		{19B1E6ED-2282-41BD-9310-6966932BAB4B}.Debug|Any CPU.Deploy.0 = Debug|Any CPU
		{19B1E6ED-2282-41BD-9310-6966932BAB4B}.Release|Any CPU.ActiveCfg = Release|Any CPU
		{19B1E6ED-2282-41BD-9310-6966932BAB4B}.Release|Any CPU.Build.0 = Release|Any CPU
		{19B1E6ED-2282-41BD-9310-6966932BAB4B}.Release|Any CPU.Deploy.0 = Release|Any CPU
		{796E80E6-03BE-409C-A270-0ACFA5E849EE}.Debug|Any CPU.ActiveCfg = Debug|Any CPU
		{796E80E6-03BE-409C-A270-0ACFA5E849EE}.Debug|Any CPU.Build.0 = Debug|Any CPU
		{796E80E6-03BE-409C-A270-0ACFA5E849EE}.Release|Any CPU.ActiveCfg = Release|Any CPU
		{796E80E6-03BE-409C-A270-0ACFA5E849EE}.Release|Any CPU.Build.0 = Release|Any CPU
	EndGlobalSection
	GlobalSection(SolutionProperties) = preSolution
		HideSolutionNode = FALSE
	EndGlobalSection
	GlobalSection(ExtensibilityGlobals) = postSolution
		SolutionGuid = {BB72BB99-9DB3-400B-BF0B-8D29F2D3840D}
	EndGlobalSection
EndGlobal
